
Microsoft Visual Studio Solution File, Format Version 12.00
Project("{FAE04EC0-301F-11D3-BF4B-00C04F79EFBC}") = "PriceAlerterPresenter", "PriceAlerterPresenter\PriceAlerterPresenter.csproj", "{D860BA75-3F36-4A32-B852-AF725761A489}"
EndProject
Project("{FAE04EC0-301F-11D3-BF4B-00C04F79EFBC}") = "PriceAlerterBusiness", "PriceAlerterBusiness\PriceAlerterBusiness.csproj", "{731634C2-616D-4A92-8886-913C952967C9}"
EndProject
Project("{FAE04EC0-301F-11D3-BF4B-00C04F79EFBC}") = "PriceAlerterDomain", "PriceAlerterDomain\PriceAlerterDomain.csproj", "{641840C3-0D7F-4727-BB72-4013ED6559F1}"
EndProject
Global
	GlobalSection(SolutionConfigurationPlatforms) = preSolution
		Debug|Any CPU = Debug|Any CPU
		Release|Any CPU = Release|Any CPU
	EndGlobalSection
	GlobalSection(ProjectConfigurationPlatforms) = postSolution
		{D860BA75-3F36-4A32-B852-AF725761A489}.Debug|Any CPU.ActiveCfg = Debug|Any CPU
		{D860BA75-3F36-4A32-B852-AF725761A489}.Debug|Any CPU.Build.0 = Debug|Any CPU
		{D860BA75-3F36-4A32-B852-AF725761A489}.Release|Any CPU.ActiveCfg = Release|Any CPU
		{D860BA75-3F36-4A32-B852-AF725761A489}.Release|Any CPU.Build.0 = Release|Any CPU
		{731634C2-616D-4A92-8886-913C952967C9}.Debug|Any CPU.ActiveCfg = Debug|Any CPU
		{731634C2-616D-4A92-8886-913C952967C9}.Debug|Any CPU.Build.0 = Debug|Any CPU
		{731634C2-616D-4A92-8886-913C952967C9}.Release|Any CPU.ActiveCfg = Release|Any CPU
		{731634C2-616D-4A92-8886-913C952967C9}.Release|Any CPU.Build.0 = Release|Any CPU
		{641840C3-0D7F-4727-BB72-4013ED6559F1}.Debug|Any CPU.ActiveCfg = Debug|Any CPU
		{641840C3-0D7F-4727-BB72-4013ED6559F1}.Debug|Any CPU.Build.0 = Debug|Any CPU
		{641840C3-0D7F-4727-BB72-4013ED6559F1}.Release|Any CPU.ActiveCfg = Release|Any CPU
		{641840C3-0D7F-4727-BB72-4013ED6559F1}.Release|Any CPU.Build.0 = Release|Any CPU
	EndGlobalSection
EndGlobal
